
Microsoft Visual Studio Solution File, Format Version 12.00
# Visual Studio Version 17
VisualStudioVersion = 17.5.33209.295
MinimumVisualStudioVersion = 10.0.40219.1
Project("{FAE04EC0-301F-11D3-BF4B-00C04F79EFBC}") = "TwitterStatistics", "TwitterStatistics.csproj", "{68EA8ADC-CDD1-4F13-9129-63CA14A90198}"
EndProject
Project("{FAE04EC0-301F-11D3-BF4B-00C04F79EFBC}") = "TwitterStatisticsTests", "..\TwitterStatisticsTests\TwitterStatisticsTests.csproj", "{3303097C-DE93-4B6B-BAED-F68989EF5089}"
EndProject
Global
	GlobalSection(SolutionConfigurationPlatforms) = preSolution
		Debug|Any CPU = Debug|Any CPU
		Release|Any CPU = Release|Any CPU
	EndGlobalSection
	GlobalSection(ProjectConfigurationPlatforms) = postSolution
		{68EA8ADC-CDD1-4F13-9129-63CA14A90198}.Debug|Any CPU.ActiveCfg = Debug|Any CPU
		{68EA8ADC-CDD1-4F13-9129-63CA14A90198}.Debug|Any CPU.Build.0 = Debug|Any CPU
		{68EA8ADC-CDD1-4F13-9129-63CA14A90198}.Release|Any CPU.ActiveCfg = Release|Any CPU
		{68EA8ADC-CDD1-4F13-9129-63CA14A90198}.Release|Any CPU.Build.0 = Release|Any CPU
		{3303097C-DE93-4B6B-BAED-F68989EF5089}.Debug|Any CPU.ActiveCfg = Debug|Any CPU
		{3303097C-DE93-4B6B-BAED-F68989EF5089}.Debug|Any CPU.Build.0 = Debug|Any CPU
		{3303097C-DE93-4B6B-BAED-F68989EF5089}.Release|Any CPU.ActiveCfg = Release|Any CPU
		{3303097C-DE93-4B6B-BAED-F68989EF5089}.Release|Any CPU.Build.0 = Release|Any CPU
	EndGlobalSection
	GlobalSection(SolutionProperties) = preSolution
		HideSolutionNode = FALSE
	EndGlobalSection
	GlobalSection(ExtensibilityGlobals) = postSolution
		SolutionGuid = {2EFDCB33-4A87-401D-AA87-E0F89977F429}
	EndGlobalSection
EndGlobal
